
Microsoft Visual Studio Solution File, Format Version 12.00
# Visual Studio Version 17
VisualStudioVersion = 17.0.31903.59
MinimumVisualStudioVersion = 10.0.40219.1
Project("{FAE04EC0-301F-11D3-BF4B-00C04F79EFBC}") = "Kolokwium1", "Kolokwium1\Kolokwium1.csproj", "{DF7ACC54-6B01-4C08-9714-E4AC44C13E12}"
EndProject
Global
	GlobalSection(SolutionConfigurationPlatforms) = preSolution
		Debug|Any CPU = Debug|Any CPU
		Release|Any CPU = Release|Any CPU
	EndGlobalSection
	GlobalSection(SolutionProperties) = preSolution
		HideSolutionNode = FALSE
	EndGlobalSection
	GlobalSection(ProjectConfigurationPlatforms) = postSolution
		{DF7ACC54-6B01-4C08-9714-E4AC44C13E12}.Debug|Any CPU.ActiveCfg = Debug|Any CPU
		{DF7ACC54-6B01-4C08-9714-E4AC44C13E12}.Debug|Any CPU.Build.0 = Debug|Any CPU
		{DF7ACC54-6B01-4C08-9714-E4AC44C13E12}.Release|Any CPU.ActiveCfg = Release|Any CPU
		{DF7ACC54-6B01-4C08-9714-E4AC44C13E12}.Release|Any CPU.Build.0 = Release|Any CPU
	EndGlobalSection
EndGlobal
